{
    "_readme": [
        "This file locks the dependencies of your project to a known state",
        "Read more about it at https://getcomposer.org/doc/01-basic-usage.md#installing-dependencies",
        "This file is @generated automatically"
    ],
    "content-hash": "b996d151c9881e3665f44f26494098b3",
    "packages": [
        {
            "name": "znexx/izettle-client-webhook",
            "version": "dev-master",
            "source": {
                "type": "git",
                "url": "https://bitbucket.org/znexx/izettle-client-webhook.git",
                "reference": "d7edaa32efcff541c62f3b5dd930dd2007100daa"
            },
            "require": {
                "php": ">=5.5"
            },
            "type": "library",
            "autoload": {
                "psr-4": {
                    "znexx\\iZettle\\webhook\\": "src/"
                }
            },
            "license": [
                "wtfpl"
            ],
            "authors": [
                {
                    "name": "z-nexx",
                    "homepage": "https://kattm.at/"
                }
            ],
            "homepage": "http://kattm.at/",
            "keywords": [
                "api",
                "php",
                "sdk"
            ],
            "time": "2020-04-17T00:43:29+00:00"
        },
        {
            "name": "znexx/logger",
            "version": "dev-master",
            "source": {
                "type": "git",
                "url": "https://bitbucket.org/znexx/logger.git",
                "reference": "2c275dff485b6c926a67c6fda48848eb8ec4ac6c"
            },
            "type": "library",
            "autoload": {
                "psr-4": {
                    "znexx\\": "./"
                }
            },
            "license": [
                "WTFPL"
            ],
            "authors": [
                {
                    "name": "Johan Osvaldsson",
                    "email": "znexxpwnz0r@gmail.com",
                    "homepage": "https://kattm.at/"
                }
            ],
            "description": "Loggin library which can log both to the console (stdout) and to a file",
            "homepage": "https://kattm.at/",
            "keywords": [
                "log",
                "logger",
                "logging"
            ],
            "time": "2020-04-12T02:18:11+00:00"
        }
    ],
    "packages-dev": [],
    "aliases": [],
    "minimum-stability": "stable",
    "stability-flags": {
        "znexx/logger": 20,
        "znexx/izettle-client-webhook": 20
    },
    "prefer-stable": false,
    "prefer-lowest": false,
    "platform": [],
    "platform-dev": []
}
